
Microsoft Visual Studio Solution File, Format Version 12.00
# Visual Studio Version 17
VisualStudioVersion = 17.5.002.0
MinimumVisualStudioVersion = 10.0.40219.1
Project("{9A19103F-16F7-4668-BE54-9A1E7A4F7556}") = "BibliotecaAPI", "BibliotecaAPI.csproj", "{14088432-C2AA-447D-A7F3-680156C49EBD}"
EndProject
Global
	GlobalSection(SolutionConfigurationPlatforms) = preSolution
		Debug|Any CPU = Debug|Any CPU
		Release|Any CPU = Release|Any CPU
	EndGlobalSection
	GlobalSection(ProjectConfigurationPlatforms) = postSolution
		{14088432-C2AA-447D-A7F3-680156C49EBD}.Debug|Any CPU.ActiveCfg = Debug|Any CPU
		{14088432-C2AA-447D-A7F3-680156C49EBD}.Debug|Any CPU.Build.0 = Debug|Any CPU
		{14088432-C2AA-447D-A7F3-680156C49EBD}.Release|Any CPU.ActiveCfg = Release|Any CPU
		{14088432-C2AA-447D-A7F3-680156C49EBD}.Release|Any CPU.Build.0 = Release|Any CPU
	EndGlobalSection
	GlobalSection(SolutionProperties) = preSolution
		HideSolutionNode = FALSE
	EndGlobalSection
	GlobalSection(ExtensibilityGlobals) = postSolution
		SolutionGuid = {504FA6E9-0800-4C2E-8107-E7C92BD4B4CC}
	EndGlobalSection
EndGlobal
